
Microsoft Visual Studio Solution File, Format Version 12.00
# Visual Studio Version 18
VisualStudioVersion = 18.4.11626.88
MinimumVisualStudioVersion = 10.0.40219.1
Project("{2150E333-8FDC-42A3-9474-1A3956D46DE8}") = "src", "src", "{49273DD1-9803-4ACD-A13E-C3D64A93698A}"
EndProject
Project("{2150E333-8FDC-42A3-9474-1A3956D46DE8}") = "tests", "tests", "{A13CEA71-E8F9-474C-A5E5-C5138F1C6394}"
EndProject
Project("{2150E333-8FDC-42A3-9474-1A3956D46DE8}") = "infra", "infra", "{D1DE7958-1F51-470D-9578-7A1584248B0B}"
	ProjectSection(SolutionItems) = preProject
		infra\samconfig.toml = infra\samconfig.toml
		infra\schema.graphql = infra\schema.graphql
		infra\template.yaml = infra\template.yaml
	EndProjectSection
EndProject
Project("{FAE04EC0-301F-11D3-BF4B-00C04F79EFBC}") = "AppSyncCognitoSample.Lambda", "src\AppSyncCognitoSample.Lambda\AppSyncCognitoSample.Lambda.csproj", "{1D59D838-B9CC-441A-9238-10D5F6D14D38}"
EndProject
Project("{FAE04EC0-301F-11D3-BF4B-00C04F79EFBC}") = "AppSyncCognitoSample.Application", "src\AppSyncCognitoSample.Application\AppSyncCognitoSample.Application.csproj", "{A4D1CADA-B99A-411A-A0C8-A6EA2A40199E}"
EndProject
Project("{FAE04EC0-301F-11D3-BF4B-00C04F79EFBC}") = "AppSyncCognitoSample.Infrastructure", "src\AppSyncCognitoSample.Infrastructure\AppSyncCognitoSample.Infrastructure.csproj", "{470F5CE9-C569-44BA-BBF1-6B6F114F9466}"
EndProject
Project("{FAE04EC0-301F-11D3-BF4B-00C04F79EFBC}") = "AppSyncCognitoSample.Shared", "src\AppSyncCognitoSample.Shared\AppSyncCognitoSample.Shared.csproj", "{6BD02B7E-798C-461A-81F9-8BB4236A3F1A}"
EndProject
Project("{FAE04EC0-301F-11D3-BF4B-00C04F79EFBC}") = "AppSyncCognitoSample.ConsoleClientTest", "tests\AppSyncCognitoSample.ConsoleClientTest\AppSyncCognitoSample.ConsoleClientTest.csproj", "{58D6B313-902C-4913-BD22-AAA7515E493F}"
EndProject
Project("{FAE04EC0-301F-11D3-BF4B-00C04F79EFBC}") = "AppSyncCognitoSample.Client.Core", "tests\AppSyncCognitoSample.Client.Core\AppSyncCognitoSample.Client.Core.csproj", "{263DA0B1-1C88-44B5-A460-E1B851A213F6}"
EndProject
Global
	GlobalSection(SolutionConfigurationPlatforms) = preSolution
		Debug|Any CPU = Debug|Any CPU
		Release|Any CPU = Release|Any CPU
	EndGlobalSection
	GlobalSection(ProjectConfigurationPlatforms) = postSolution
		{1D59D838-B9CC-441A-9238-10D5F6D14D38}.Debug|Any CPU.ActiveCfg = Debug|Any CPU
		{1D59D838-B9CC-441A-9238-10D5F6D14D38}.Debug|Any CPU.Build.0 = Debug|Any CPU
		{1D59D838-B9CC-441A-9238-10D5F6D14D38}.Release|Any CPU.ActiveCfg = Release|Any CPU
		{1D59D838-B9CC-441A-9238-10D5F6D14D38}.Release|Any CPU.Build.0 = Release|Any CPU
		{A4D1CADA-B99A-411A-A0C8-A6EA2A40199E}.Debug|Any CPU.ActiveCfg = Debug|Any CPU
		{A4D1CADA-B99A-411A-A0C8-A6EA2A40199E}.Debug|Any CPU.Build.0 = Debug|Any CPU
		{A4D1CADA-B99A-411A-A0C8-A6EA2A40199E}.Release|Any CPU.ActiveCfg = Release|Any CPU
		{A4D1CADA-B99A-411A-A0C8-A6EA2A40199E}.Release|Any CPU.Build.0 = Release|Any CPU
		{470F5CE9-C569-44BA-BBF1-6B6F114F9466}.Debug|Any CPU.ActiveCfg = Debug|Any CPU
		{470F5CE9-C569-44BA-BBF1-6B6F114F9466}.Debug|Any CPU.Build.0 = Debug|Any CPU
		{470F5CE9-C569-44BA-BBF1-6B6F114F9466}.Release|Any CPU.ActiveCfg = Release|Any CPU
		{470F5CE9-C569-44BA-BBF1-6B6F114F9466}.Release|Any CPU.Build.0 = Release|Any CPU
		{6BD02B7E-798C-461A-81F9-8BB4236A3F1A}.Debug|Any CPU.ActiveCfg = Debug|Any CPU
		{6BD02B7E-798C-461A-81F9-8BB4236A3F1A}.Debug|Any CPU.Build.0 = Debug|Any CPU
		{6BD02B7E-798C-461A-81F9-8BB4236A3F1A}.Release|Any CPU.ActiveCfg = Release|Any CPU
		{6BD02B7E-798C-461A-81F9-8BB4236A3F1A}.Release|Any CPU.Build.0 = Release|Any CPU
		{58D6B313-902C-4913-BD22-AAA7515E493F}.Debug|Any CPU.ActiveCfg = Debug|Any CPU
		{58D6B313-902C-4913-BD22-AAA7515E493F}.Debug|Any CPU.Build.0 = Debug|Any CPU
		{58D6B313-902C-4913-BD22-AAA7515E493F}.Release|Any CPU.ActiveCfg = Release|Any CPU
		{58D6B313-902C-4913-BD22-AAA7515E493F}.Release|Any CPU.Build.0 = Release|Any CPU
		{263DA0B1-1C88-44B5-A460-E1B851A213F6}.Debug|Any CPU.ActiveCfg = Debug|Any CPU
		{263DA0B1-1C88-44B5-A460-E1B851A213F6}.Debug|Any CPU.Build.0 = Debug|Any CPU
		{263DA0B1-1C88-44B5-A460-E1B851A213F6}.Release|Any CPU.ActiveCfg = Release|Any CPU
		{263DA0B1-1C88-44B5-A460-E1B851A213F6}.Release|Any CPU.Build.0 = Release|Any CPU
	EndGlobalSection
	GlobalSection(SolutionProperties) = preSolution
		HideSolutionNode = FALSE
	EndGlobalSection
	GlobalSection(NestedProjects) = preSolution
		{1D59D838-B9CC-441A-9238-10D5F6D14D38} = {49273DD1-9803-4ACD-A13E-C3D64A93698A}
		{A4D1CADA-B99A-411A-A0C8-A6EA2A40199E} = {49273DD1-9803-4ACD-A13E-C3D64A93698A}
		{470F5CE9-C569-44BA-BBF1-6B6F114F9466} = {49273DD1-9803-4ACD-A13E-C3D64A93698A}
		{6BD02B7E-798C-461A-81F9-8BB4236A3F1A} = {49273DD1-9803-4ACD-A13E-C3D64A93698A}
		{58D6B313-902C-4913-BD22-AAA7515E493F} = {A13CEA71-E8F9-474C-A5E5-C5138F1C6394}
		{263DA0B1-1C88-44B5-A460-E1B851A213F6} = {A13CEA71-E8F9-474C-A5E5-C5138F1C6394}
	EndGlobalSection
	GlobalSection(ExtensibilityGlobals) = postSolution
		SolutionGuid = {A8B0FC23-E014-4557-8119-11B687E770C6}
	EndGlobalSection
EndGlobal
